// !$*UTF8*$!
{
	archiveVersion = 1;
	classes = {
	};
	objectVersion = 50;
	objects = {

/* Begin PBXBuildFile section */
		675F8AE2256D46FC00C5FE87 /* UI_47App.swift in Sources */ = {isa = PBXBuildFile; fileRef = 675F8AE1256D46FC00C5FE87 /* UI_47App.swift */; };
		675F8AE4256D46FC00C5FE87 /* ContentView.swift in Sources */ = {isa = PBXBuildFile; fileRef = 675F8AE3256D46FC00C5FE87 /* ContentView.swift */; };
		675F8AE6256D46FD00C5FE87 /* Assets.xcassets in Resources */ = {isa = PBXBuildFile; fileRef = 675F8AE5256D46FD00C5FE87 /* Assets.xcassets */; };
		675F8AE9256D46FD00C5FE87 /* Preview Assets.xcassets in Resources */ = {isa = PBXBuildFile; fileRef = 675F8AE8256D46FD00C5FE87 /* Preview Assets.xcassets */; };
		675F8AF4256D46FE00C5FE87 /* UI_47Tests.swift in Sources */ = {isa = PBXBuildFile; fileRef = 675F8AF3256D46FE00C5FE87 /* UI_47Tests.swift */; };
		675F8AFF256D46FE00C5FE87 /* UI_47UITests.swift in Sources */ = {isa = PBXBuildFile; fileRef = 675F8AFE256D46FE00C5FE87 /* UI_47UITests.swift */; };
/* End PBXBuildFile section */

/* Begin PBXContainerItemProxy section */
		675F8AF0256D46FE00C5FE87 /* PBXContainerItemProxy */ = {
			isa = PBXContainerItemProxy;
			containerPortal = 675F8AD6256D46FC00C5FE87 /* Project object */;
			proxyType = 1;
			remoteGlobalIDString = 675F8ADD256D46FC00C5FE87;
			remoteInfo = "UI-47";
		};
		675F8AFB256D46FE00C5FE87 /* PBXContainerItemProxy */ = {
			isa = PBXContainerItemProxy;
			containerPortal = 675F8AD6256D46FC00C5FE87 /* Project object */;
			proxyType = 1;
			remoteGlobalIDString = 675F8ADD256D46FC00C5FE87;
			remoteInfo = "UI-47";
		};
/* End PBXContainerItemProxy section */

/* Begin PBXFileReference section */
		675F8ADE256D46FC00C5FE87 /* UI-47.app */ = {isa = PBXFileReference; explicitFileType = wrapper.application; includeInIndex = 0; path = "UI-47.app"; sourceTree = BUILT_PRODUCTS_DIR; };
		675F8AE1256D46FC00C5FE87 /* UI_47App.swift */ = {isa = PBXFileReference; lastKnownFileType = sourcecode.swift; path = UI_47App.swift; sourceTree = "<group>"; };
		675F8AE3256D46FC00C5FE87 /* ContentView.swift */ = {isa = PBXFileReference; lastKnownFileType = sourcecode.swift; path = ContentView.swift; sourceTree = "<group>"; };
		675F8AE5256D46FD00C5FE87 /* Assets.xcassets */ = {isa = PBXFileReference; lastKnownFileType = folder.assetcatalog; path = Assets.xcassets; sourceTree = "<group>"; };
		675F8AE8256D46FD00C5FE87 /* Preview Assets.xcassets */ = {isa = PBXFileReference; lastKnownFileType = folder.assetcatalog; path = "Preview Assets.xcassets"; sourceTree = "<group>"; };
		675F8AEA256D46FD00C5FE87 /* Info.plist */ = {isa = PBXFileReference; lastKnownFileType = text.plist.xml; path = Info.plist; sourceTree = "<group>"; };
		675F8AEF256D46FE00C5FE87 /* UI-47Tests.xctest */ = {isa = PBXFileReference; explicitFileType = wrapper.cfbundle; includeInIndex = 0; path = "UI-47Tests.xctest"; sourceTree = BUILT_PRODUCTS_DIR; };
		675F8AF3256D46FE00C5FE87 /* UI_47Tests.swift */ = {isa = PBXFileReference; lastKnownFileType = sourcecode.swift; path = UI_47Tests.swift; sourceTree = "<group>"; };
		675F8AF5256D46FE00C5FE87 /* Info.plist */ = {isa = PBXFileReference; lastKnownFileType = text.plist.xml; path = Info.plist; sourceTree = "<group>"; };
		675F8AFA256D46FE00C5FE87 /* UI-47UITests.xctest */ = {isa = PBXFileReference; explicitFileType = wrapper.cfbundle; includeInIndex = 0; path = "UI-47UITests.xctest"; sourceTree = BUILT_PRODUCTS_DIR; };
		675F8AFE256D46FE00C5FE87 /* UI_47UITests.swift */ = {isa = PBXFileReference; lastKnownFileType = sourcecode.swift; path = UI_47UITests.swift; sourceTree = "<group>"; };
		675F8B00256D46FE00C5FE87 /* Info.plist */ = {isa = PBXFileReference; lastKnownFileType = text.plist.xml; path = Info.plist; sourceTree = "<group>"; };
/* End PBXFileReference section */

/* Begin PBXFrameworksBuildPhase section */
		675F8ADB256D46FC00C5FE87 /* Frameworks */ = {
			isa = PBXFrameworksBuildPhase;
			buildActionMask = 2147483647;
			files = (
			);
			runOnlyForDeploymentPostprocessing = 0;
		};
		675F8AEC256D46FE00C5FE87 /* Frameworks */ = {
			isa = PBXFrameworksBuildPhase;
			buildActionMask = 2147483647;
			files = (
			);
			runOnlyForDeploymentPostprocessing = 0;
		};
		675F8AF7256D46FE00C5FE87 /* Frameworks */ = {
			isa = PBXFrameworksBuildPhase;
			buildActionMask = 2147483647;
			files = (
			);
			runOnlyForDeploymentPostprocessing = 0;
		};
/* End PBXFrameworksBuildPhase section */

/* Begin PBXGroup section */
		675F8AD5256D46FC00C5FE87 = {
			isa = PBXGroup;
			children = (
				675F8AE0256D46FC00C5FE87 /* UI-47 */,
				675F8AF2256D46FE00C5FE87 /* UI-47Tests */,
				675F8AFD256D46FE00C5FE87 /* UI-47UITests */,
				675F8ADF256D46FC00C5FE87 /* Products */,
			);
			sourceTree = "<group>";
		};
		675F8ADF256D46FC00C5FE87 /* Products */ = {
			isa = PBXGroup;
			children = (
				675F8ADE256D46FC00C5FE87 /* UI-47.app */,
				675F8AEF256D46FE00C5FE87 /* UI-47Tests.xctest */,
				675F8AFA256D46FE00C5FE87 /* UI-47UITests.xctest */,
			);
			name = Products;
			sourceTree = "<group>";
		};
		675F8AE0256D46FC00C5FE87 /* UI-47 */ = {
			isa = PBXGroup;
			children = (
				675F8AE1256D46FC00C5FE87 /* UI_47App.swift */,
				675F8AE3256D46FC00C5FE87 /* ContentView.swift */,
				675F8AE5256D46FD00C5FE87 /* Assets.xcassets */,
				675F8AEA256D46FD00C5FE87 /* Info.plist */,
				675F8AE7256D46FD00C5FE87 /* Preview Content */,
			);
			path = "UI-47";
			sourceTree = "<group>";
		};
		675F8AE7256D46FD00C5FE87 /* Preview Content */ = {
			isa = PBXGroup;
			children = (
				675F8AE8256D46FD00C5FE87 /* Preview Assets.xcassets */,
			);
			path = "Preview Content";
			sourceTree = "<group>";
		};
		675F8AF2256D46FE00C5FE87 /* UI-47Tests */ = {
			isa = PBXGroup;
			children = (
				675F8AF3256D46FE00C5FE87 /* UI_47Tests.swift */,
				675F8AF5256D46FE00C5FE87 /* Info.plist */,
			);
			path = "UI-47Tests";
			sourceTree = "<group>";
		};
		675F8AFD256D46FE00C5FE87 /* UI-47UITests */ = {
			isa = PBXGroup;
			children = (
				675F8AFE256D46FE00C5FE87 /* UI_47UITests.swift */,
				675F8B00256D46FE00C5FE87 /* Info.plist */,
			);
			path = "UI-47UITests";
			sourceTree = "<group>";
		};
/* End PBXGroup section */

/* Begin PBXNativeTarget section */
		675F8ADD256D46FC00C5FE87 /* UI-47 */ = {
			isa = PBXNativeTarget;
			buildConfigurationList = 675F8B03256D46FE00C5FE87 /* Build configuration list for PBXNativeTarget "UI-47" */;
			buildPhases = (
				675F8ADA256D46FC00C5FE87 /* Sources */,
				675F8ADB256D46FC00C5FE87 /* Frameworks */,
				675F8ADC256D46FC00C5FE87 /* Resources */,
			);
			buildRules = (
			);
			dependencies = (
			);
			name = "UI-47";
			productName = "UI-47";
			productReference = 675F8ADE256D46FC00C5FE87 /* UI-47.app */;
			productType = "com.apple.product-type.application";
		};
		675F8AEE256D46FE00C5FE87 /* UI-47Tests */ = {
			isa = PBXNativeTarget;
			buildConfigurationList = 675F8B06256D46FE00C5FE87 /* Build configuration list for PBXNativeTarget "UI-47Tests" */;
			buildPhases = (
				675F8AEB256D46FE00C5FE87 /* Sources */,
				675F8AEC256D46FE00C5FE87 /* Frameworks */,
				675F8AED256D46FE00C5FE87 /* Resources */,
			);
			buildRules = (
			);
			dependencies = (
				675F8AF1256D46FE00C5FE87 /* PBXTargetDependency */,
			);
			name = "UI-47Tests";
			productName = "UI-47Tests";
			productReference = 675F8AEF256D46FE00C5FE87 /* UI-47Tests.xctest */;
			productType = "com.apple.product-type.bundle.unit-test";
		};
		675F8AF9256D46FE00C5FE87 /* UI-47UITests */ = {
			isa = PBXNativeTarget;
			buildConfigurationList = 675F8B09256D46FE00C5FE87 /* Build configuration list for PBXNativeTarget "UI-47UITests" */;
			buildPhases = (
				675F8AF6256D46FE00C5FE87 /* Sources */,
				675F8AF7256D46FE00C5FE87 /* Frameworks */,
				675F8AF8256D46FE00C5FE87 /* Resources */,
			);
			buildRules = (
			);
			dependencies = (
				675F8AFC256D46FE00C5FE87 /* PBXTargetDependency */,
			);
			name = "UI-47UITests";
			productName = "UI-47UITests";
			productReference = 675F8AFA256D46FE00C5FE87 /* UI-47UITests.xctest */;
			productType = "com.apple.product-type.bundle.ui-testing";
		};
/* End PBXNativeTarget section */

/* Begin PBXProject section */
		675F8AD6256D46FC00C5FE87 /* Project object */ = {
			isa = PBXProject;
			attributes = {
				LastSwiftUpdateCheck = 1220;
				LastUpgradeCheck = 1220;
				TargetAttributes = {
					675F8ADD256D46FC00C5FE87 = {
						CreatedOnToolsVersion = 12.2;
					};
					675F8AEE256D46FE00C5FE87 = {
						CreatedOnToolsVersion = 12.2;
						TestTargetID = 675F8ADD256D46FC00C5FE87;
					};
					675F8AF9256D46FE00C5FE87 = {
						CreatedOnToolsVersion = 12.2;
						TestTargetID = 675F8ADD256D46FC00C5FE87;
					};
				};
			};
			buildConfigurationList = 675F8AD9256D46FC00C5FE87 /* Build configuration list for PBXProject "UI-47" */;
			compatibilityVersion = "Xcode 9.3";
			developmentRegion = en;
			hasScannedForEncodings = 0;
			knownRegions = (
				en,
				Base,
			);
			mainGroup = 675F8AD5256D46FC00C5FE87;
			productRefGroup = 675F8ADF256D46FC00C5FE87 /* Products */;
			projectDirPath = "";
			projectRoot = "";
			targets = (
				675F8ADD256D46FC00C5FE87 /* UI-47 */,
				675F8AEE256D46FE00C5FE87 /* UI-47Tests */,
				675F8AF9256D46FE00C5FE87 /* UI-47UITests */,
			);
		};
/* End PBXProject section */

/* Begin PBXResourcesBuildPhase section */
		675F8ADC256D46FC00C5FE87 /* Resources */ = {
			isa = PBXResourcesBuildPhase;
			buildActionMask = 2147483647;
			files = (
				675F8AE9256D46FD00C5FE87 /* Preview Assets.xcassets in Resources */,
				675F8AE6256D46FD00C5FE87 /* Assets.xcassets in Resources */,
			);
			runOnlyForDeploymentPostprocessing = 0;
		};
		675F8AED256D46FE00C5FE87 /* Resources */ = {
			isa = PBXResourcesBuildPhase;
			buildActionMask = 2147483647;
			files = (
			);
			runOnlyForDeploymentPostprocessing = 0;
		};
		675F8AF8256D46FE00C5FE87 /* Resources */ = {
			isa = PBXResourcesBuildPhase;
			buildActionMask = 2147483647;
			files = (
			);
			runOnlyForDeploymentPostprocessing = 0;
		};
/* End PBXResourcesBuildPhase section */

/* Begin PBXSourcesBuildPhase section */
		675F8ADA256D46FC00C5FE87 /* Sources */ = {
			isa = PBXSourcesBuildPhase;
			buildActionMask = 2147483647;
			files = (
				675F8AE4256D46FC00C5FE87 /* ContentView.swift in Sources */,
				675F8AE2256D46FC00C5FE87 /* UI_47App.swift in Sources */,
			);
			runOnlyForDeploymentPostprocessing = 0;
		};
		675F8AEB256D46FE00C5FE87 /* Sources */ = {
			isa = PBXSourcesBuildPhase;
			buildActionMask = 2147483647;
			files = (
				675F8AF4256D46FE00C5FE87 /* UI_47Tests.swift in Sources */,
			);
			runOnlyForDeploymentPostprocessing = 0;
		};
		675F8AF6256D46FE00C5FE87 /* Sources */ = {
			isa = PBXSourcesBuildPhase;
			buildActionMask = 2147483647;
			files = (
				675F8AFF256D46FE00C5FE87 /* UI_47UITests.swift in Sources */,
			);
			runOnlyForDeploymentPostprocessing = 0;
		};
/* End PBXSourcesBuildPhase section */

/* Begin PBXTargetDependency section */
		675F8AF1256D46FE00C5FE87 /* PBXTargetDependency */ = {
			isa = PBXTargetDependency;
			target = 675F8ADD256D46FC00C5FE87 /* UI-47 */;
			targetProxy = 675F8AF0256D46FE00C5FE87 /* PBXContainerItemProxy */;
		};
		675F8AFC256D46FE00C5FE87 /* PBXTargetDependency */ = {
			isa = PBXTargetDependency;
			target = 675F8ADD256D46FC00C5FE87 /* UI-47 */;
			targetProxy = 675F8AFB256D46FE00C5FE87 /* PBXContainerItemProxy */;
		};
/* End PBXTargetDependency section */

/* Begin XCBuildConfiguration section */
		675F8B01256D46FE00C5FE87 /* Debug */ = {
			isa = XCBuildConfiguration;
			buildSettings = {
				ALWAYS_SEARCH_USER_PATHS = NO;
				CLANG_ANALYZER_NONNULL = YES;
				CLANG_ANALYZER_NUMBER_OBJECT_CONVERSION = YES_AGGRESSIVE;
				CLANG_CXX_LANGUAGE_STANDARD = "gnu++14";
				CLANG_CXX_LIBRARY = "libc++";
				CLANG_ENABLE_MODULES = YES;
				CLANG_ENABLE_OBJC_ARC = YES;
				CLANG_ENABLE_OBJC_WEAK = YES;
				CLANG_WARN_BLOCK_CAPTURE_AUTORELEASING = YES;
				CLANG_WARN_BOOL_CONVERSION = YES;
				CLANG_WARN_COMMA = YES;
				CLANG_WARN_CONSTANT_CONVERSION = YES;
				CLANG_WARN_DEPRECATED_OBJC_IMPLEMENTATIONS = YES;
				CLANG_WARN_DIRECT_OBJC_ISA_USAGE = YES_ERROR;
				CLANG_WARN_DOCUMENTATION_COMMENTS = YES;
				CLANG_WARN_EMPTY_BODY = YES;
				CLANG_WARN_ENUM_CONVERSION = YES;
				CLANG_WARN_INFINITE_RECURSION = YES;
				CLANG_WARN_INT_CONVERSION = YES;
				CLANG_WARN_NON_LITERAL_NULL_CONVERSION = YES;
				CLANG_WARN_OBJC_IMPLICIT_RETAIN_SELF = YES;
				CLANG_WARN_OBJC_LITERAL_CONVERSION = YES;
				CLANG_WARN_OBJC_ROOT_CLASS = YES_ERROR;
				CLANG_WARN_QUOTED_INCLUDE_IN_FRAMEWORK_HEADER = YES;
				CLANG_WARN_RANGE_LOOP_ANALYSIS = YES;
				CLANG_WARN_STRICT_PROTOTYPES = YES;
				CLANG_WARN_SUSPICIOUS_MOVE = YES;
				CLANG_WARN_UNGUARDED_AVAILABILITY = YES_AGGRESSIVE;
				CLANG_WARN_UNREACHABLE_CODE = YES;
				CLANG_WARN__DUPLICATE_METHOD_MATCH = YES;
				COPY_PHASE_STRIP = NO;
				DEBUG_INFORMATION_FORMAT = dwarf;
				ENABLE_STRICT_OBJC_MSGSEND = YES;
				ENABLE_TESTABILITY = YES;
				GCC_C_LANGUAGE_STANDARD = gnu11;
				GCC_DYNAMIC_NO_PIC = NO;
				GCC_NO_COMMON_BLOCKS = YES;
				GCC_OPTIMIZATION_LEVEL = 0;
				GCC_PREPROCESSOR_DEFINITIONS = (
					"DEBUG=1",
					"$(inherited)",
				);
				GCC_WARN_64_TO_32_BIT_CONVERSION = YES;
				GCC_WARN_ABOUT_RETURN_TYPE = YES_ERROR;
				GCC_WARN_UNDECLARED_SELECTOR = YES;
				GCC_WARN_UNINITIALIZED_AUTOS = YES_AGGRESSIVE;
				GCC_WARN_UNUSED_FUNCTION = YES;
				GCC_WARN_UNUSED_VARIABLE = YES;
				IPHONEOS_DEPLOYMENT_TARGET = 14.2;
				MTL_ENABLE_DEBUG_INFO = INCLUDE_SOURCE;
				MTL_FAST_MATH = YES;
				ONLY_ACTIVE_ARCH = YES;
				SDKROOT = iphoneos;
				SWIFT_ACTIVE_COMPILATION_CONDITIONS = DEBUG;
				SWIFT_OPTIMIZATION_LEVEL = "-Onone";
			};
			name = Debug;
		};
		675F8B02256D46FE00C5FE87 /* Release */ = {
			isa = XCBuildConfiguration;
			buildSettings = {
				ALWAYS_SEARCH_USER_PATHS = NO;
				CLANG_ANALYZER_NONNULL = YES;
				CLANG_ANALYZER_NUMBER_OBJECT_CONVERSION = YES_AGGRESSIVE;
				CLANG_CXX_LANGUAGE_STANDARD = "gnu++14";
				CLANG_CXX_LIBRARY = "libc++";
				CLANG_ENABLE_MODULES = YES;
				CLANG_ENABLE_OBJC_ARC = YES;
				CLANG_ENABLE_OBJC_WEAK = YES;
				CLANG_WARN_BLOCK_CAPTURE_AUTORELEASING = YES;
				CLANG_WARN_BOOL_CONVERSION = YES;
				CLANG_WARN_COMMA = YES;
				CLANG_WARN_CONSTANT_CONVERSION = YES;
				CLANG_WARN_DEPRECATED_OBJC_IMPLEMENTATIONS = YES;
				CLANG_WARN_DIRECT_OBJC_ISA_USAGE = YES_ERROR;
				CLANG_WARN_DOCUMENTATION_COMMENTS = YES;
				CLANG_WARN_EMPTY_BODY = YES;
				CLANG_WARN_ENUM_CONVERSION = YES;
				CLANG_WARN_INFINITE_RECURSION = YES;
				CLANG_WARN_INT_CONVERSION = YES;
				CLANG_WARN_NON_LITERAL_NULL_CONVERSION = YES;
				CLANG_WARN_OBJC_IMPLICIT_RETAIN_SELF = YES;
				CLANG_WARN_OBJC_LITERAL_CONVERSION = YES;
				CLANG_WARN_OBJC_ROOT_CLASS = YES_ERROR;
				CLANG_WARN_QUOTED_INCLUDE_IN_FRAMEWORK_HEADER = YES;
				CLANG_WARN_RANGE_LOOP_ANALYSIS = YES;
				CLANG_WARN_STRICT_PROTOTYPES = YES;
				CLANG_WARN_SUSPICIOUS_MOVE = YES;
				CLANG_WARN_UNGUARDED_AVAILABILITY = YES_AGGRESSIVE;
				CLANG_WARN_UNREACHABLE_CODE = YES;
				CLANG_WARN__DUPLICATE_METHOD_MATCH = YES;
				COPY_PHASE_STRIP = NO;
				DEBUG_INFORMATION_FORMAT = "dwarf-with-dsym";
				ENABLE_NS_ASSERTIONS = NO;
				ENABLE_STRICT_OBJC_MSGSEND = YES;
				GCC_C_LANGUAGE_STANDARD = gnu11;
				GCC_NO_COMMON_BLOCKS = YES;
				GCC_WARN_64_TO_32_BIT_CONVERSION = YES;
				GCC_WARN_ABOUT_RETURN_TYPE = YES_ERROR;
				GCC_WARN_UNDECLARED_SELECTOR = YES;
				GCC_WARN_UNINITIALIZED_AUTOS = YES_AGGRESSIVE;
				GCC_WARN_UNUSED_FUNCTION = YES;
				GCC_WARN_UNUSED_VARIABLE = YES;
				IPHONEOS_DEPLOYMENT_TARGET = 14.2;
				MTL_ENABLE_DEBUG_INFO = NO;
				MTL_FAST_MATH = YES;
				SDKROOT = iphoneos;
				SWIFT_COMPILATION_MODE = wholemodule;
				SWIFT_OPTIMIZATION_LEVEL = "-O";
				VALIDATE_PRODUCT = YES;
			};
			name = Release;
		};
		675F8B04256D46FE00C5FE87 /* Debug */ = {
			isa = XCBuildConfiguration;
			buildSettings = {
				ASSETCATALOG_COMPILER_APPICON_NAME = AppIcon;
				ASSETCATALOG_COMPILER_GLOBAL_ACCENT_COLOR_NAME = AccentColor;
				CODE_SIGN_STYLE = Automatic;
				DEVELOPMENT_ASSET_PATHS = "\"UI-47/Preview Content\"";
				ENABLE_PREVIEWS = YES;
				INFOPLIST_FILE = "UI-47/Info.plist";
				IPHONEOS_DEPLOYMENT_TARGET = 14.0;
				LD_RUNPATH_SEARCH_PATHS = (
					"$(inherited)",
					"@executable_path/Frameworks",
				);
				PRODUCT_BUNDLE_IDENTIFIER = "com.uzu.UI-47";
				PRODUCT_NAME = "$(TARGET_NAME)";
				SWIFT_VERSION = 5.0;
				TARGETED_DEVICE_FAMILY = "1,2";
			};
			name = Debug;
		};
		675F8B05256D46FE00C5FE87 /* Release */ = {
			isa = XCBuildConfiguration;
			buildSettings = {
				ASSETCATALOG_COMPILER_APPICON_NAME = AppIcon;
				ASSETCATALOG_COMPILER_GLOBAL_ACCENT_COLOR_NAME = AccentColor;
				CODE_SIGN_STYLE = Automatic;
				DEVELOPMENT_ASSET_PATHS = "\"UI-47/Preview Content\"";
				ENABLE_PREVIEWS = YES;
				INFOPLIST_FILE = "UI-47/Info.plist";
				IPHONEOS_DEPLOYMENT_TARGET = 14.0;
				LD_RUNPATH_SEARCH_PATHS = (
					"$(inherited)",
					"@executable_path/Frameworks",
				);
				PRODUCT_BUNDLE_IDENTIFIER = "com.uzu.UI-47";
				PRODUCT_NAME = "$(TARGET_NAME)";
				SWIFT_VERSION = 5.0;
				TARGETED_DEVICE_FAMILY = "1,2";
			};
			name = Release;
		};
		675F8B07256D46FE00C5FE87 /* Debug */ = {
			isa = XCBuildConfiguration;
			buildSettings = {
				ALWAYS_EMBED_SWIFT_STANDARD_LIBRARIES = YES;
				BUNDLE_LOADER = "$(TEST_HOST)";
				CODE_SIGN_STYLE = Automatic;
				INFOPLIST_FILE = "UI-47Tests/Info.plist";
				IPHONEOS_DEPLOYMENT_TARGET = 14.0;
				LD_RUNPATH_SEARCH_PATHS = (
					"$(inherited)",
					"@executable_path/Frameworks",
					"@loader_path/Frameworks",
				);
				PRODUCT_BUNDLE_IDENTIFIER = "com.uzu.UI-47Tests";
				PRODUCT_NAME = "$(TARGET_NAME)";
				SWIFT_VERSION = 5.0;
				TARGETED_DEVICE_FAMILY = "1,2";
				TEST_HOST = "$(BUILT_PRODUCTS_DIR)/UI-47.app/UI-47";
			};
			name = Debug;
		};
		675F8B08256D46FE00C5FE87 /* Release */ = {
			isa = XCBuildConfiguration;
			buildSettings = {
				ALWAYS_EMBED_SWIFT_STANDARD_LIBRARIES = YES;
				BUNDLE_LOADER = "$(TEST_HOST)";
				CODE_SIGN_STYLE = Automatic;
				INFOPLIST_FILE = "UI-47Tests/Info.plist";
				IPHONEOS_DEPLOYMENT_TARGET = 14.0;
				LD_RUNPATH_SEARCH_PATHS = (
					"$(inherited)",
					"@executable_path/Frameworks",
					"@loader_path/Frameworks",
				);
				PRODUCT_BUNDLE_IDENTIFIER = "com.uzu.UI-47Tests";
				PRODUCT_NAME = "$(TARGET_NAME)";
				SWIFT_VERSION = 5.0;
				TARGETED_DEVICE_FAMILY = "1,2";
				TEST_HOST = "$(BUILT_PRODUCTS_DIR)/UI-47.app/UI-47";
			};
			name = Release;
		};
		675F8B0A256D46FE00C5FE87 /* Debug */ = {
			isa = XCBuildConfiguration;
			buildSettings = {
				ALWAYS_EMBED_SWIFT_STANDARD_LIBRARIES = YES;
				CODE_SIGN_STYLE = Automatic;
				INFOPLIST_FILE = "UI-47UITests/Info.plist";
				LD_RUNPATH_SEARCH_PATHS = (
					"$(inherited)",
					"@executable_path/Frameworks",
					"@loader_path/Frameworks",
				);
				PRODUCT_BUNDLE_IDENTIFIER = "com.uzu.UI-47UITests";
				PRODUCT_NAME = "$(TARGET_NAME)";
				SWIFT_VERSION = 5.0;
				TARGETED_DEVICE_FAMILY = "1,2";
				TEST_TARGET_NAME = "UI-47";
			};
			name = Debug;
		};
		675F8B0B256D46FE00C5FE87 /* Release */ = {
			isa = XCBuildConfiguration;
			buildSettings = {
				ALWAYS_EMBED_SWIFT_STANDARD_LIBRARIES = YES;
				CODE_SIGN_STYLE = Automatic;
				INFOPLIST_FILE = "UI-47UITests/Info.plist";
				LD_RUNPATH_SEARCH_PATHS = (
					"$(inherited)",
					"@executable_path/Frameworks",
					"@loader_path/Frameworks",
				);
				PRODUCT_BUNDLE_IDENTIFIER = "com.uzu.UI-47UITests";
				PRODUCT_NAME = "$(TARGET_NAME)";
				SWIFT_VERSION = 5.0;
				TARGETED_DEVICE_FAMILY = "1,2";
				TEST_TARGET_NAME = "UI-47";
			};
			name = Release;
		};
/* End XCBuildConfiguration section */

/* Begin XCConfigurationList section */
		675F8AD9256D46FC00C5FE87 /* Build configuration list for PBXProject "UI-47" */ = {
			isa = XCConfigurationList;
			buildConfigurations = (
				675F8B01256D46FE00C5FE87 /* Debug */,
				675F8B02256D46FE00C5FE87 /* Release */,
			);
			defaultConfigurationIsVisible = 0;
			defaultConfigurationName = Release;
		};
		675F8B03256D46FE00C5FE87 /* Build configuration list for PBXNativeTarget "UI-47" */ = {
			isa = XCConfigurationList;
			buildConfigurations = (
				675F8B04256D46FE00C5FE87 /* Debug */,
				675F8B05256D46FE00C5FE87 /* Release */,
			);
			defaultConfigurationIsVisible = 0;
			defaultConfigurationName = Release;
		};
		675F8B06256D46FE00C5FE87 /* Build configuration list for PBXNativeTarget "UI-47Tests" */ = {
			isa = XCConfigurationList;
			buildConfigurations = (
				675F8B07256D46FE00C5FE87 /* Debug */,
				675F8B08256D46FE00C5FE87 /* Release */,
			);
			defaultConfigurationIsVisible = 0;
			defaultConfigurationName = Release;
		};
		675F8B09256D46FE00C5FE87 /* Build configuration list for PBXNativeTarget "UI-47UITests" */ = {
			isa = XCConfigurationList;
			buildConfigurations = (
				675F8B0A256D46FE00C5FE87 /* Debug */,
				675F8B0B256D46FE00C5FE87 /* Release */,
			);
			defaultConfigurationIsVisible = 0;
			defaultConfigurationName = Release;
		};
/* End XCConfigurationList section */
	};
	rootObject = 675F8AD6256D46FC00C5FE87 /* Project object */;
}
